// !$*UTF8*$!
{
	archiveVersion = 1;
	classes = {
	};
	objectVersion = 56;
	objects = {

/* Begin PBXBuildFile section */
		4DA822882AFB211D00BACCC8 /* AppDelegate.swift in Sources */ = {isa = PBXBuildFile; fileRef = 4DA822872AFB211D00BACCC8 /* AppDelegate.swift */; };
		4DA8228A2AFB211D00BACCC8 /* SceneDelegate.swift in Sources */ = {isa = PBXBuildFile; fileRef = 4DA822892AFB211D00BACCC8 /* SceneDelegate.swift */; };
		4DA8228C2AFB211D00BACCC8 /* ViewController.swift in Sources */ = {isa = PBXBuildFile; fileRef = 4DA8228B2AFB211D00BACCC8 /* ViewController.swift */; };
		4DA8228F2AFB211D00BACCC8 /* Main.storyboard in Resources */ = {isa = PBXBuildFile; fileRef = 4DA8228D2AFB211D00BACCC8 /* Main.storyboard */; };
		4DA822912AFB212000BACCC8 /* Assets.xcassets in Resources */ = {isa = PBXBuildFile; fileRef = 4DA822902AFB212000BACCC8 /* Assets.xcassets */; };
		4DA822942AFB212000BACCC8 /* LaunchScreen.storyboard in Resources */ = {isa = PBXBuildFile; fileRef = 4DA822922AFB212000BACCC8 /* LaunchScreen.storyboard */; };
		4DA8229F2AFB212100BACCC8 /* BookNookTests.swift in Sources */ = {isa = PBXBuildFile; fileRef = 4DA8229E2AFB212100BACCC8 /* BookNookTests.swift */; };
		4DA822A92AFB212100BACCC8 /* BookNookUITests.swift in Sources */ = {isa = PBXBuildFile; fileRef = 4DA822A82AFB212100BACCC8 /* BookNookUITests.swift */; };
		4DA822AB2AFB212100BACCC8 /* BookNookUITestsLaunchTests.swift in Sources */ = {isa = PBXBuildFile; fileRef = 4DA822AA2AFB212100BACCC8 /* BookNookUITestsLaunchTests.swift */; };
		4DD80FE42B02EAB1001C2EEC /* Book.swift in Sources */ = {isa = PBXBuildFile; fileRef = 4DD80FE32B02EAB1001C2EEC /* Book.swift */; };
		4DD80FE62B03110C001C2EEC /* BookCell.swift in Sources */ = {isa = PBXBuildFile; fileRef = 4DD80FE52B03110C001C2EEC /* BookCell.swift */; };
		4DD80FF22B031C9B001C2EEC /* Nuke in Frameworks */ = {isa = PBXBuildFile; productRef = 4DD80FF12B031C9B001C2EEC /* Nuke */; };
/* End PBXBuildFile section */

/* Begin PBXContainerItemProxy section */
		4DA8229B2AFB212100BACCC8 /* PBXContainerItemProxy */ = {
			isa = PBXContainerItemProxy;
			containerPortal = 4DA8227C2AFB211D00BACCC8 /* Project object */;
			proxyType = 1;
			remoteGlobalIDString = 4DA822832AFB211D00BACCC8;
			remoteInfo = BookNook;
		};
		4DA822A52AFB212100BACCC8 /* PBXContainerItemProxy */ = {
			isa = PBXContainerItemProxy;
			containerPortal = 4DA8227C2AFB211D00BACCC8 /* Project object */;
			proxyType = 1;
			remoteGlobalIDString = 4DA822832AFB211D00BACCC8;
			remoteInfo = BookNook;
		};
/* End PBXContainerItemProxy section */

/* Begin PBXFileReference section */
		4DA822842AFB211D00BACCC8 /* BookNook.app */ = {isa = PBXFileReference; explicitFileType = wrapper.application; includeInIndex = 0; path = BookNook.app; sourceTree = BUILT_PRODUCTS_DIR; };
		4DA822872AFB211D00BACCC8 /* AppDelegate.swift */ = {isa = PBXFileReference; lastKnownFileType = sourcecode.swift; path = AppDelegate.swift; sourceTree = "<group>"; };
		4DA822892AFB211D00BACCC8 /* SceneDelegate.swift */ = {isa = PBXFileReference; lastKnownFileType = sourcecode.swift; path = SceneDelegate.swift; sourceTree = "<group>"; };
		4DA8228B2AFB211D00BACCC8 /* ViewController.swift */ = {isa = PBXFileReference; lastKnownFileType = sourcecode.swift; path = ViewController.swift; sourceTree = "<group>"; };
		4DA8228E2AFB211D00BACCC8 /* Base */ = {isa = PBXFileReference; lastKnownFileType = file.storyboard; name = Base; path = Base.lproj/Main.storyboard; sourceTree = "<group>"; };
		4DA822902AFB212000BACCC8 /* Assets.xcassets */ = {isa = PBXFileReference; lastKnownFileType = folder.assetcatalog; path = Assets.xcassets; sourceTree = "<group>"; };
		4DA822932AFB212000BACCC8 /* Base */ = {isa = PBXFileReference; lastKnownFileType = file.storyboard; name = Base; path = Base.lproj/LaunchScreen.storyboard; sourceTree = "<group>"; };
		4DA822952AFB212000BACCC8 /* Info.plist */ = {isa = PBXFileReference; lastKnownFileType = text.plist.xml; path = Info.plist; sourceTree = "<group>"; };
		4DA8229A2AFB212100BACCC8 /* BookNookTests.xctest */ = {isa = PBXFileReference; explicitFileType = wrapper.cfbundle; includeInIndex = 0; path = BookNookTests.xctest; sourceTree = BUILT_PRODUCTS_DIR; };
		4DA8229E2AFB212100BACCC8 /* BookNookTests.swift */ = {isa = PBXFileReference; lastKnownFileType = sourcecode.swift; path = BookNookTests.swift; sourceTree = "<group>"; };
		4DA822A42AFB212100BACCC8 /* BookNookUITests.xctest */ = {isa = PBXFileReference; explicitFileType = wrapper.cfbundle; includeInIndex = 0; path = BookNookUITests.xctest; sourceTree = BUILT_PRODUCTS_DIR; };
		4DA822A82AFB212100BACCC8 /* BookNookUITests.swift */ = {isa = PBXFileReference; lastKnownFileType = sourcecode.swift; path = BookNookUITests.swift; sourceTree = "<group>"; };
		4DA822AA2AFB212100BACCC8 /* BookNookUITestsLaunchTests.swift */ = {isa = PBXFileReference; lastKnownFileType = sourcecode.swift; path = BookNookUITestsLaunchTests.swift; sourceTree = "<group>"; };
		4DD80FE32B02EAB1001C2EEC /* Book.swift */ = {isa = PBXFileReference; lastKnownFileType = sourcecode.swift; path = Book.swift; sourceTree = "<group>"; };
		4DD80FE52B03110C001C2EEC /* BookCell.swift */ = {isa = PBXFileReference; lastKnownFileType = sourcecode.swift; path = BookCell.swift; sourceTree = "<group>"; };
/* End PBXFileReference section */

/* Begin PBXFrameworksBuildPhase section */
		4DA822812AFB211D00BACCC8 /* Frameworks */ = {
			isa = PBXFrameworksBuildPhase;
			buildActionMask = 2147483647;
			files = (
				4DD80FF22B031C9B001C2EEC /* Nuke in Frameworks */,
			);
			runOnlyForDeploymentPostprocessing = 0;
		};
		4DA822972AFB212100BACCC8 /* Frameworks */ = {
			isa = PBXFrameworksBuildPhase;
			buildActionMask = 2147483647;
			files = (
			);
			runOnlyForDeploymentPostprocessing = 0;
		};
		4DA822A12AFB212100BACCC8 /* Frameworks */ = {
			isa = PBXFrameworksBuildPhase;
			buildActionMask = 2147483647;
			files = (
			);
			runOnlyForDeploymentPostprocessing = 0;
		};
/* End PBXFrameworksBuildPhase section */

/* Begin PBXGroup section */
		4DA8227B2AFB211D00BACCC8 = {
			isa = PBXGroup;
			children = (
				4DA822862AFB211D00BACCC8 /* BookNook */,
				4DA8229D2AFB212100BACCC8 /* BookNookTests */,
				4DA822A72AFB212100BACCC8 /* BookNookUITests */,
				4DA822852AFB211D00BACCC8 /* Products */,
			);
			sourceTree = "<group>";
		};
		4DA822852AFB211D00BACCC8 /* Products */ = {
			isa = PBXGroup;
			children = (
				4DA822842AFB211D00BACCC8 /* BookNook.app */,
				4DA8229A2AFB212100BACCC8 /* BookNookTests.xctest */,
				4DA822A42AFB212100BACCC8 /* BookNookUITests.xctest */,
			);
			name = Products;
			sourceTree = "<group>";
		};
		4DA822862AFB211D00BACCC8 /* BookNook */ = {
			isa = PBXGroup;
			children = (
				4DA822872AFB211D00BACCC8 /* AppDelegate.swift */,
				4DA822892AFB211D00BACCC8 /* SceneDelegate.swift */,
				4DA8228B2AFB211D00BACCC8 /* ViewController.swift */,
				4DD80FE52B03110C001C2EEC /* BookCell.swift */,
				4DA8228D2AFB211D00BACCC8 /* Main.storyboard */,
				4DD80FE32B02EAB1001C2EEC /* Book.swift */,
				4DA822902AFB212000BACCC8 /* Assets.xcassets */,
				4DA822922AFB212000BACCC8 /* LaunchScreen.storyboard */,
				4DA822952AFB212000BACCC8 /* Info.plist */,
			);
			path = BookNook;
			sourceTree = "<group>";
		};
		4DA8229D2AFB212100BACCC8 /* BookNookTests */ = {
			isa = PBXGroup;
			children = (
				4DA8229E2AFB212100BACCC8 /* BookNookTests.swift */,
			);
			path = BookNookTests;
			sourceTree = "<group>";
		};
		4DA822A72AFB212100BACCC8 /* BookNookUITests */ = {
			isa = PBXGroup;
			children = (
				4DA822A82AFB212100BACCC8 /* BookNookUITests.swift */,
				4DA822AA2AFB212100BACCC8 /* BookNookUITestsLaunchTests.swift */,
			);
			path = BookNookUITests;
			sourceTree = "<group>";
		};
/* End PBXGroup section */

/* Begin PBXNativeTarget section */
		4DA822832AFB211D00BACCC8 /* BookNook */ = {
			isa = PBXNativeTarget;
			buildConfigurationList = 4DA822AE2AFB212100BACCC8 /* Build configuration list for PBXNativeTarget "BookNook" */;
			buildPhases = (
				4DA822802AFB211D00BACCC8 /* Sources */,
				4DA822812AFB211D00BACCC8 /* Frameworks */,
				4DA822822AFB211D00BACCC8 /* Resources */,
			);
			buildRules = (
			);
			dependencies = (
			);
			name = BookNook;
			packageProductDependencies = (
				4DD80FF12B031C9B001C2EEC /* Nuke */,
			);
			productName = BookNook;
			productReference = 4DA822842AFB211D00BACCC8 /* BookNook.app */;
			productType = "com.apple.product-type.application";
		};
		4DA822992AFB212100BACCC8 /* BookNookTests */ = {
			isa = PBXNativeTarget;
			buildConfigurationList = 4DA822B12AFB212100BACCC8 /* Build configuration list for PBXNativeTarget "BookNookTests" */;
			buildPhases = (
				4DA822962AFB212100BACCC8 /* Sources */,
				4DA822972AFB212100BACCC8 /* Frameworks */,
				4DA822982AFB212100BACCC8 /* Resources */,
			);
			buildRules = (
			);
			dependencies = (
				4DA8229C2AFB212100BACCC8 /* PBXTargetDependency */,
			);
			name = BookNookTests;
			productName = BookNookTests;
			productReference = 4DA8229A2AFB212100BACCC8 /* BookNookTests.xctest */;
			productType = "com.apple.product-type.bundle.unit-test";
		};
		4DA822A32AFB212100BACCC8 /* BookNookUITests */ = {
			isa = PBXNativeTarget;
			buildConfigurationList = 4DA822B42AFB212100BACCC8 /* Build configuration list for PBXNativeTarget "BookNookUITests" */;
			buildPhases = (
				4DA822A02AFB212100BACCC8 /* Sources */,
				4DA822A12AFB212100BACCC8 /* Frameworks */,
				4DA822A22AFB212100BACCC8 /* Resources */,
			);
			buildRules = (
			);
			dependencies = (
				4DA822A62AFB212100BACCC8 /* PBXTargetDependency */,
			);
			name = BookNookUITests;
			productName = BookNookUITests;
			productReference = 4DA822A42AFB212100BACCC8 /* BookNookUITests.xctest */;
			productType = "com.apple.product-type.bundle.ui-testing";
		};
/* End PBXNativeTarget section */

/* Begin PBXProject section */
		4DA8227C2AFB211D00BACCC8 /* Project object */ = {
			isa = PBXProject;
			attributes = {
				BuildIndependentTargetsInParallel = 1;
				LastSwiftUpdateCheck = 1500;
				LastUpgradeCheck = 1500;
				TargetAttributes = {
					4DA822832AFB211D00BACCC8 = {
						CreatedOnToolsVersion = 15.0.1;
					};
					4DA822992AFB212100BACCC8 = {
						CreatedOnToolsVersion = 15.0.1;
						TestTargetID = 4DA822832AFB211D00BACCC8;
					};
					4DA822A32AFB212100BACCC8 = {
						CreatedOnToolsVersion = 15.0.1;
						TestTargetID = 4DA822832AFB211D00BACCC8;
					};
				};
			};
			buildConfigurationList = 4DA8227F2AFB211D00BACCC8 /* Build configuration list for PBXProject "BookNook" */;
			compatibilityVersion = "Xcode 14.0";
			developmentRegion = en;
			hasScannedForEncodings = 0;
			knownRegions = (
				en,
				Base,
			);
			mainGroup = 4DA8227B2AFB211D00BACCC8;
			packageReferences = (
				4DD80FF02B031C9B001C2EEC /* XCRemoteSwiftPackageReference "Nuke" */,
			);
			productRefGroup = 4DA822852AFB211D00BACCC8 /* Products */;
			projectDirPath = "";
			projectRoot = "";
			targets = (
				4DA822832AFB211D00BACCC8 /* BookNook */,
				4DA822992AFB212100BACCC8 /* BookNookTests */,
				4DA822A32AFB212100BACCC8 /* BookNookUITests */,
			);
		};
/* End PBXProject section */

/* Begin PBXResourcesBuildPhase section */
		4DA822822AFB211D00BACCC8 /* Resources */ = {
			isa = PBXResourcesBuildPhase;
			buildActionMask = 2147483647;
			files = (
				4DA822942AFB212000BACCC8 /* LaunchScreen.storyboard in Resources */,
				4DA822912AFB212000BACCC8 /* Assets.xcassets in Resources */,
				4DA8228F2AFB211D00BACCC8 /* Main.storyboard in Resources */,
			);
			runOnlyForDeploymentPostprocessing = 0;
		};
		4DA822982AFB212100BACCC8 /* Resources */ = {
			isa = PBXResourcesBuildPhase;
			buildActionMask = 2147483647;
			files = (
			);
			runOnlyForDeploymentPostprocessing = 0;
		};
		4DA822A22AFB212100BACCC8 /* Resources */ = {
			isa = PBXResourcesBuildPhase;
			buildActionMask = 2147483647;
			files = (
			);
			runOnlyForDeploymentPostprocessing = 0;
		};
/* End PBXResourcesBuildPhase section */

/* Begin PBXSourcesBuildPhase section */
		4DA822802AFB211D00BACCC8 /* Sources */ = {
			isa = PBXSourcesBuildPhase;
			buildActionMask = 2147483647;
			files = (
				4DD80FE42B02EAB1001C2EEC /* Book.swift in Sources */,
				4DA8228C2AFB211D00BACCC8 /* ViewController.swift in Sources */,
				4DA822882AFB211D00BACCC8 /* AppDelegate.swift in Sources */,
				4DA8228A2AFB211D00BACCC8 /* SceneDelegate.swift in Sources */,
				4DD80FE62B03110C001C2EEC /* BookCell.swift in Sources */,
			);
			runOnlyForDeploymentPostprocessing = 0;
		};
		4DA822962AFB212100BACCC8 /* Sources */ = {
			isa = PBXSourcesBuildPhase;
			buildActionMask = 2147483647;
			files = (
				4DA8229F2AFB212100BACCC8 /* BookNookTests.swift in Sources */,
			);
			runOnlyForDeploymentPostprocessing = 0;
		};
		4DA822A02AFB212100BACCC8 /* Sources */ = {
			isa = PBXSourcesBuildPhase;
			buildActionMask = 2147483647;
			files = (
				4DA822AB2AFB212100BACCC8 /* BookNookUITestsLaunchTests.swift in Sources */,
				4DA822A92AFB212100BACCC8 /* BookNookUITests.swift in Sources */,
			);
			runOnlyForDeploymentPostprocessing = 0;
		};
/* End PBXSourcesBuildPhase section */

/* Begin PBXTargetDependency section */
		4DA8229C2AFB212100BACCC8 /* PBXTargetDependency */ = {
			isa = PBXTargetDependency;
			target = 4DA822832AFB211D00BACCC8 /* BookNook */;
			targetProxy = 4DA8229B2AFB212100BACCC8 /* PBXContainerItemProxy */;
		};
		4DA822A62AFB212100BACCC8 /* PBXTargetDependency */ = {
			isa = PBXTargetDependency;
			target = 4DA822832AFB211D00BACCC8 /* BookNook */;
			targetProxy = 4DA822A52AFB212100BACCC8 /* PBXContainerItemProxy */;
		};
/* End PBXTargetDependency section */

/* Begin PBXVariantGroup section */
		4DA8228D2AFB211D00BACCC8 /* Main.storyboard */ = {
			isa = PBXVariantGroup;
			children = (
				4DA8228E2AFB211D00BACCC8 /* Base */,
			);
			name = Main.storyboard;
			sourceTree = "<group>";
		};
		4DA822922AFB212000BACCC8 /* LaunchScreen.storyboard */ = {
			isa = PBXVariantGroup;
			children = (
				4DA822932AFB212000BACCC8 /* Base */,
			);
			name = LaunchScreen.storyboard;
			sourceTree = "<group>";
		};
/* End PBXVariantGroup section */

/* Begin XCBuildConfiguration section */
		4DA822AC2AFB212100BACCC8 /* Debug */ = {
			isa = XCBuildConfiguration;
			buildSettings = {
				ALWAYS_SEARCH_USER_PATHS = NO;
				ASSETCATALOG_COMPILER_GENERATE_SWIFT_ASSET_SYMBOL_EXTENSIONS = YES;
				CLANG_ANALYZER_NONNULL = YES;
				CLANG_ANALYZER_NUMBER_OBJECT_CONVERSION = YES_AGGRESSIVE;
				CLANG_CXX_LANGUAGE_STANDARD = "gnu++20";
				CLANG_ENABLE_MODULES = YES;
				CLANG_ENABLE_OBJC_ARC = YES;
				CLANG_ENABLE_OBJC_WEAK = YES;
				CLANG_WARN_BLOCK_CAPTURE_AUTORELEASING = YES;
				CLANG_WARN_BOOL_CONVERSION = YES;
				CLANG_WARN_COMMA = YES;
				CLANG_WARN_CONSTANT_CONVERSION = YES;
				CLANG_WARN_DEPRECATED_OBJC_IMPLEMENTATIONS = YES;
				CLANG_WARN_DIRECT_OBJC_ISA_USAGE = YES_ERROR;
				CLANG_WARN_DOCUMENTATION_COMMENTS = YES;
				CLANG_WARN_EMPTY_BODY = YES;
				CLANG_WARN_ENUM_CONVERSION = YES;
				CLANG_WARN_INFINITE_RECURSION = YES;
				CLANG_WARN_INT_CONVERSION = YES;
				CLANG_WARN_NON_LITERAL_NULL_CONVERSION = YES;
				CLANG_WARN_OBJC_IMPLICIT_RETAIN_SELF = YES;
				CLANG_WARN_OBJC_LITERAL_CONVERSION = YES;
				CLANG_WARN_OBJC_ROOT_CLASS = YES_ERROR;
				CLANG_WARN_QUOTED_INCLUDE_IN_FRAMEWORK_HEADER = YES;
				CLANG_WARN_RANGE_LOOP_ANALYSIS = YES;
				CLANG_WARN_STRICT_PROTOTYPES = YES;
				CLANG_WARN_SUSPICIOUS_MOVE = YES;
				CLANG_WARN_UNGUARDED_AVAILABILITY = YES_AGGRESSIVE;
				CLANG_WARN_UNREACHABLE_CODE = YES;
				CLANG_WARN__DUPLICATE_METHOD_MATCH = YES;
				COPY_PHASE_STRIP = NO;
				DEBUG_INFORMATION_FORMAT = dwarf;
				ENABLE_STRICT_OBJC_MSGSEND = YES;
				ENABLE_TESTABILITY = YES;
				ENABLE_USER_SCRIPT_SANDBOXING = YES;
				GCC_C_LANGUAGE_STANDARD = gnu17;
				GCC_DYNAMIC_NO_PIC = NO;
				GCC_NO_COMMON_BLOCKS = YES;
				GCC_OPTIMIZATION_LEVEL = 0;
				GCC_PREPROCESSOR_DEFINITIONS = (
					"DEBUG=1",
					"$(inherited)",
				);
				GCC_WARN_64_TO_32_BIT_CONVERSION = YES;
				GCC_WARN_ABOUT_RETURN_TYPE = YES_ERROR;
				GCC_WARN_UNDECLARED_SELECTOR = YES;
				GCC_WARN_UNINITIALIZED_AUTOS = YES_AGGRESSIVE;
				GCC_WARN_UNUSED_FUNCTION = YES;
				GCC_WARN_UNUSED_VARIABLE = YES;
				IPHONEOS_DEPLOYMENT_TARGET = 17.0;
				LOCALIZATION_PREFERS_STRING_CATALOGS = YES;
				MTL_ENABLE_DEBUG_INFO = INCLUDE_SOURCE;
				MTL_FAST_MATH = YES;
				ONLY_ACTIVE_ARCH = YES;
				SDKROOT = iphoneos;
				SWIFT_ACTIVE_COMPILATION_CONDITIONS = "DEBUG $(inherited)";
				SWIFT_OPTIMIZATION_LEVEL = "-Onone";
			};
			name = Debug;
		};
		4DA822AD2AFB212100BACCC8 /* Release */ = {
			isa = XCBuildConfiguration;
			buildSettings = {
				ALWAYS_SEARCH_USER_PATHS = NO;
				ASSETCATALOG_COMPILER_GENERATE_SWIFT_ASSET_SYMBOL_EXTENSIONS = YES;
				CLANG_ANALYZER_NONNULL = YES;
				CLANG_ANALYZER_NUMBER_OBJECT_CONVERSION = YES_AGGRESSIVE;
				CLANG_CXX_LANGUAGE_STANDARD = "gnu++20";
				CLANG_ENABLE_MODULES = YES;
				CLANG_ENABLE_OBJC_ARC = YES;
				CLANG_ENABLE_OBJC_WEAK = YES;
				CLANG_WARN_BLOCK_CAPTURE_AUTORELEASING = YES;
				CLANG_WARN_BOOL_CONVERSION = YES;
				CLANG_WARN_COMMA = YES;
				CLANG_WARN_CONSTANT_CONVERSION = YES;
				CLANG_WARN_DEPRECATED_OBJC_IMPLEMENTATIONS = YES;
				CLANG_WARN_DIRECT_OBJC_ISA_USAGE = YES_ERROR;
				CLANG_WARN_DOCUMENTATION_COMMENTS = YES;
				CLANG_WARN_EMPTY_BODY = YES;
				CLANG_WARN_ENUM_CONVERSION = YES;
				CLANG_WARN_INFINITE_RECURSION = YES;
				CLANG_WARN_INT_CONVERSION = YES;
				CLANG_WARN_NON_LITERAL_NULL_CONVERSION = YES;
				CLANG_WARN_OBJC_IMPLICIT_RETAIN_SELF = YES;
				CLANG_WARN_OBJC_LITERAL_CONVERSION = YES;
				CLANG_WARN_OBJC_ROOT_CLASS = YES_ERROR;
				CLANG_WARN_QUOTED_INCLUDE_IN_FRAMEWORK_HEADER = YES;
				CLANG_WARN_RANGE_LOOP_ANALYSIS = YES;
				CLANG_WARN_STRICT_PROTOTYPES = YES;
				CLANG_WARN_SUSPICIOUS_MOVE = YES;
				CLANG_WARN_UNGUARDED_AVAILABILITY = YES_AGGRESSIVE;
				CLANG_WARN_UNREACHABLE_CODE = YES;
				CLANG_WARN__DUPLICATE_METHOD_MATCH = YES;
				COPY_PHASE_STRIP = NO;
				DEBUG_INFORMATION_FORMAT = "dwarf-with-dsym";
				ENABLE_NS_ASSERTIONS = NO;
				ENABLE_STRICT_OBJC_MSGSEND = YES;
				ENABLE_USER_SCRIPT_SANDBOXING = YES;
				GCC_C_LANGUAGE_STANDARD = gnu17;
				GCC_NO_COMMON_BLOCKS = YES;
				GCC_WARN_64_TO_32_BIT_CONVERSION = YES;
				GCC_WARN_ABOUT_RETURN_TYPE = YES_ERROR;
				GCC_WARN_UNDECLARED_SELECTOR = YES;
				GCC_WARN_UNINITIALIZED_AUTOS = YES_AGGRESSIVE;
				GCC_WARN_UNUSED_FUNCTION = YES;
				GCC_WARN_UNUSED_VARIABLE = YES;
				IPHONEOS_DEPLOYMENT_TARGET = 17.0;
				LOCALIZATION_PREFERS_STRING_CATALOGS = YES;
				MTL_ENABLE_DEBUG_INFO = NO;
				MTL_FAST_MATH = YES;
				SDKROOT = iphoneos;
				SWIFT_COMPILATION_MODE = wholemodule;
				VALIDATE_PRODUCT = YES;
			};
			name = Release;
		};
		4DA822AF2AFB212100BACCC8 /* Debug */ = {
			isa = XCBuildConfiguration;
			buildSettings = {
				ASSETCATALOG_COMPILER_APPICON_NAME = AppIcon;
				ASSETCATALOG_COMPILER_GLOBAL_ACCENT_COLOR_NAME = AccentColor;
				CODE_SIGN_STYLE = Automatic;
				CURRENT_PROJECT_VERSION = 1;
				GENERATE_INFOPLIST_FILE = YES;
				INFOPLIST_FILE = BookNook/Info.plist;
				INFOPLIST_KEY_UIApplicationSupportsIndirectInputEvents = YES;
				INFOPLIST_KEY_UILaunchStoryboardName = LaunchScreen;
				INFOPLIST_KEY_UIMainStoryboardFile = Main;
				INFOPLIST_KEY_UISupportedInterfaceOrientations_iPad = "UIInterfaceOrientationPortrait UIInterfaceOrientationPortraitUpsideDown UIInterfaceOrientationLandscapeLeft UIInterfaceOrientationLandscapeRight";
				INFOPLIST_KEY_UISupportedInterfaceOrientations_iPhone = "UIInterfaceOrientationPortrait UIInterfaceOrientationLandscapeLeft UIInterfaceOrientationLandscapeRight";
				LD_RUNPATH_SEARCH_PATHS = (
					"$(inherited)",
					"@executable_path/Frameworks",
				);
				MARKETING_VERSION = 1.0;
				PRODUCT_BUNDLE_IDENTIFIER = swift.apple.tutorial.BookNook;
				PRODUCT_NAME = "$(TARGET_NAME)";
				SWIFT_EMIT_LOC_STRINGS = YES;
				SWIFT_VERSION = 5.0;
				TARGETED_DEVICE_FAMILY = "1,2";
			};
			name = Debug;
		};
		4DA822B02AFB212100BACCC8 /* Release */ = {
			isa = XCBuildConfiguration;
			buildSettings = {
				ASSETCATALOG_COMPILER_APPICON_NAME = AppIcon;
				ASSETCATALOG_COMPILER_GLOBAL_ACCENT_COLOR_NAME = AccentColor;
				CODE_SIGN_STYLE = Automatic;
				CURRENT_PROJECT_VERSION = 1;
				GENERATE_INFOPLIST_FILE = YES;
				INFOPLIST_FILE = BookNook/Info.plist;
				INFOPLIST_KEY_UIApplicationSupportsIndirectInputEvents = YES;
				INFOPLIST_KEY_UILaunchStoryboardName = LaunchScreen;
				INFOPLIST_KEY_UIMainStoryboardFile = Main;
				INFOPLIST_KEY_UISupportedInterfaceOrientations_iPad = "UIInterfaceOrientationPortrait UIInterfaceOrientationPortraitUpsideDown UIInterfaceOrientationLandscapeLeft UIInterfaceOrientationLandscapeRight";
				INFOPLIST_KEY_UISupportedInterfaceOrientations_iPhone = "UIInterfaceOrientationPortrait UIInterfaceOrientationLandscapeLeft UIInterfaceOrientationLandscapeRight";
				LD_RUNPATH_SEARCH_PATHS = (
					"$(inherited)",
					"@executable_path/Frameworks",
				);
				MARKETING_VERSION = 1.0;
				PRODUCT_BUNDLE_IDENTIFIER = swift.apple.tutorial.BookNook;
				PRODUCT_NAME = "$(TARGET_NAME)";
				SWIFT_EMIT_LOC_STRINGS = YES;
				SWIFT_VERSION = 5.0;
				TARGETED_DEVICE_FAMILY = "1,2";
			};
			name = Release;
		};
		4DA822B22AFB212100BACCC8 /* Debug */ = {
			isa = XCBuildConfiguration;
			buildSettings = {
				ALWAYS_EMBED_SWIFT_STANDARD_LIBRARIES = YES;
				BUNDLE_LOADER = "$(TEST_HOST)";
				CODE_SIGN_STYLE = Automatic;
				CURRENT_PROJECT_VERSION = 1;
				GENERATE_INFOPLIST_FILE = YES;
				IPHONEOS_DEPLOYMENT_TARGET = 17.0;
				MARKETING_VERSION = 1.0;
				PRODUCT_BUNDLE_IDENTIFIER = swift.apple.tutorial.BookNookTests;
				PRODUCT_NAME = "$(TARGET_NAME)";
				SWIFT_EMIT_LOC_STRINGS = NO;
				SWIFT_VERSION = 5.0;
				TARGETED_DEVICE_FAMILY = "1,2";
				TEST_HOST = "$(BUILT_PRODUCTS_DIR)/BookNook.app/$(BUNDLE_EXECUTABLE_FOLDER_PATH)/BookNook";
			};
			name = Debug;
		};
		4DA822B32AFB212100BACCC8 /* Release */ = {
			isa = XCBuildConfiguration;
			buildSettings = {
				ALWAYS_EMBED_SWIFT_STANDARD_LIBRARIES = YES;
				BUNDLE_LOADER = "$(TEST_HOST)";
				CODE_SIGN_STYLE = Automatic;
				CURRENT_PROJECT_VERSION = 1;
				GENERATE_INFOPLIST_FILE = YES;
				IPHONEOS_DEPLOYMENT_TARGET = 17.0;
				MARKETING_VERSION = 1.0;
				PRODUCT_BUNDLE_IDENTIFIER = swift.apple.tutorial.BookNookTests;
				PRODUCT_NAME = "$(TARGET_NAME)";
				SWIFT_EMIT_LOC_STRINGS = NO;
				SWIFT_VERSION = 5.0;
				TARGETED_DEVICE_FAMILY = "1,2";
				TEST_HOST = "$(BUILT_PRODUCTS_DIR)/BookNook.app/$(BUNDLE_EXECUTABLE_FOLDER_PATH)/BookNook";
			};
			name = Release;
		};
		4DA822B52AFB212100BACCC8 /* Debug */ = {
			isa = XCBuildConfiguration;
			buildSettings = {
				ALWAYS_EMBED_SWIFT_STANDARD_LIBRARIES = YES;
				CODE_SIGN_STYLE = Automatic;
				CURRENT_PROJECT_VERSION = 1;
				GENERATE_INFOPLIST_FILE = YES;
				MARKETING_VERSION = 1.0;
				PRODUCT_BUNDLE_IDENTIFIER = swift.apple.tutorial.BookNookUITests;
				PRODUCT_NAME = "$(TARGET_NAME)";
				SWIFT_EMIT_LOC_STRINGS = NO;
				SWIFT_VERSION = 5.0;
				TARGETED_DEVICE_FAMILY = "1,2";
				TEST_TARGET_NAME = BookNook;
			};
			name = Debug;
		};
		4DA822B62AFB212100BACCC8 /* Release */ = {
			isa = XCBuildConfiguration;
			buildSettings = {
				ALWAYS_EMBED_SWIFT_STANDARD_LIBRARIES = YES;
				CODE_SIGN_STYLE = Automatic;
				CURRENT_PROJECT_VERSION = 1;
				GENERATE_INFOPLIST_FILE = YES;
				MARKETING_VERSION = 1.0;
				PRODUCT_BUNDLE_IDENTIFIER = swift.apple.tutorial.BookNookUITests;
				PRODUCT_NAME = "$(TARGET_NAME)";
				SWIFT_EMIT_LOC_STRINGS = NO;
				SWIFT_VERSION = 5.0;
				TARGETED_DEVICE_FAMILY = "1,2";
				TEST_TARGET_NAME = BookNook;
			};
			name = Release;
		};
/* End XCBuildConfiguration section */

/* Begin XCConfigurationList section */
		4DA8227F2AFB211D00BACCC8 /* Build configuration list for PBXProject "BookNook" */ = {
			isa = XCConfigurationList;
			buildConfigurations = (
				4DA822AC2AFB212100BACCC8 /* Debug */,
				4DA822AD2AFB212100BACCC8 /* Release */,
			);
			defaultConfigurationIsVisible = 0;
			defaultConfigurationName = Release;
		};
		4DA822AE2AFB212100BACCC8 /* Build configuration list for PBXNativeTarget "BookNook" */ = {
			isa = XCConfigurationList;
			buildConfigurations = (
				4DA822AF2AFB212100BACCC8 /* Debug */,
				4DA822B02AFB212100BACCC8 /* Release */,
			);
			defaultConfigurationIsVisible = 0;
			defaultConfigurationName = Release;
		};
		4DA822B12AFB212100BACCC8 /* Build configuration list for PBXNativeTarget "BookNookTests" */ = {
			isa = XCConfigurationList;
			buildConfigurations = (
				4DA822B22AFB212100BACCC8 /* Debug */,
				4DA822B32AFB212100BACCC8 /* Release */,
			);
			defaultConfigurationIsVisible = 0;
			defaultConfigurationName = Release;
		};
		4DA822B42AFB212100BACCC8 /* Build configuration list for PBXNativeTarget "BookNookUITests" */ = {
			isa = XCConfigurationList;
			buildConfigurations = (
				4DA822B52AFB212100BACCC8 /* Debug */,
				4DA822B62AFB212100BACCC8 /* Release */,
			);
			defaultConfigurationIsVisible = 0;
			defaultConfigurationName = Release;
		};
/* End XCConfigurationList section */

/* Begin XCRemoteSwiftPackageReference section */
		4DD80FF02B031C9B001C2EEC /* XCRemoteSwiftPackageReference "Nuke" */ = {
			isa = XCRemoteSwiftPackageReference;
			repositoryURL = "https://github.com/kean/Nuke.git";
			requirement = {
				kind = exactVersion;
				version = 9.6.1;
			};
		};
/* End XCRemoteSwiftPackageReference section */

/* Begin XCSwiftPackageProductDependency section */
		4DD80FF12B031C9B001C2EEC /* Nuke */ = {
			isa = XCSwiftPackageProductDependency;
			package = 4DD80FF02B031C9B001C2EEC /* XCRemoteSwiftPackageReference "Nuke" */;
			productName = Nuke;
		};
/* End XCSwiftPackageProductDependency section */
	};
	rootObject = 4DA8227C2AFB211D00BACCC8 /* Project object */;
}
